
Microsoft Visual Studio Solution File, Format Version 12.00
# Visual Studio Version 17
VisualStudioVersion = 17.14.36603.0
MinimumVisualStudioVersion = 10.0.40219.1
Project("{FAE04EC0-301F-11D3-BF4B-00C04F79EFBC}") = "JoyLeeWrite", "JoyLeeWrite.csproj", "{F144AA2A-90D2-45CF-B097-7EF96BE3FCAD}"
EndProject
Global
	GlobalSection(SolutionConfigurationPlatforms) = preSolution
		Debug|Any CPU = Debug|Any CPU
		Release|Any CPU = Release|Any CPU
	EndGlobalSection
	GlobalSection(ProjectConfigurationPlatforms) = postSolution
		{F144AA2A-90D2-45CF-B097-7EF96BE3FCAD}.Debug|Any CPU.ActiveCfg = Debug|Any CPU
		{F144AA2A-90D2-45CF-B097-7EF96BE3FCAD}.Debug|Any CPU.Build.0 = Debug|Any CPU
		{F144AA2A-90D2-45CF-B097-7EF96BE3FCAD}.Release|Any CPU.ActiveCfg = Release|Any CPU
		{F144AA2A-90D2-45CF-B097-7EF96BE3FCAD}.Release|Any CPU.Build.0 = Release|Any CPU
	EndGlobalSection
	GlobalSection(SolutionProperties) = preSolution
		HideSolutionNode = FALSE
	EndGlobalSection
	GlobalSection(ExtensibilityGlobals) = postSolution
		SolutionGuid = {904F5C9E-B831-42BE-B00A-C7C63268B091}
	EndGlobalSection
EndGlobal
